
Microsoft Visual Studio Solution File, Format Version 12.00
# Visual Studio Version 17
VisualStudioVersion = 17.11.35312.102
MinimumVisualStudioVersion = 10.0.40219.1
Project("{FAE04EC0-301F-11D3-BF4B-00C04F79EFBC}") = "pomodoro", "pomodoro.csproj", "{0DCC8E20-D9E2-4F9B-BE6D-849935FAA807}"
EndProject
Global
	GlobalSection(SolutionConfigurationPlatforms) = preSolution
		Debug|Any CPU = Debug|Any CPU
		Release|Any CPU = Release|Any CPU
	EndGlobalSection
	GlobalSection(ProjectConfigurationPlatforms) = postSolution
		{0DCC8E20-D9E2-4F9B-BE6D-849935FAA807}.Debug|Any CPU.ActiveCfg = Debug|Any CPU
		{0DCC8E20-D9E2-4F9B-BE6D-849935FAA807}.Debug|Any CPU.Build.0 = Debug|Any CPU
		{0DCC8E20-D9E2-4F9B-BE6D-849935FAA807}.Release|Any CPU.ActiveCfg = Release|Any CPU
		{0DCC8E20-D9E2-4F9B-BE6D-849935FAA807}.Release|Any CPU.Build.0 = Release|Any CPU
	EndGlobalSection
	GlobalSection(SolutionProperties) = preSolution
		HideSolutionNode = FALSE
	EndGlobalSection
	GlobalSection(ExtensibilityGlobals) = postSolution
		SolutionGuid = {604A24FE-36D9-4779-8435-4EB538767C57}
	EndGlobalSection
EndGlobal
